
Microsoft Visual Studio Solution File, Format Version 12.00
# Visual Studio Version 17
VisualStudioVersion = 17.9.34622.214
MinimumVisualStudioVersion = 10.0.40219.1
Project("{FAE04EC0-301F-11D3-BF4B-00C04F79EFBC}") = "NoteTakingApp", "NoteTakingApp\NoteTakingApp.csproj", "{1FC456C7-00E2-4175-BE45-CAB0DB2B3795}"
EndProject
Global
	GlobalSection(SolutionConfigurationPlatforms) = preSolution
		Debug|Any CPU = Debug|Any CPU
		Release|Any CPU = Release|Any CPU
	EndGlobalSection
	GlobalSection(ProjectConfigurationPlatforms) = postSolution
		{1FC456C7-00E2-4175-BE45-CAB0DB2B3795}.Debug|Any CPU.ActiveCfg = Debug|Any CPU
		{1FC456C7-00E2-4175-BE45-CAB0DB2B3795}.Debug|Any CPU.Build.0 = Debug|Any CPU
		{1FC456C7-00E2-4175-BE45-CAB0DB2B3795}.Release|Any CPU.ActiveCfg = Release|Any CPU
		{1FC456C7-00E2-4175-BE45-CAB0DB2B3795}.Release|Any CPU.Build.0 = Release|Any CPU
	EndGlobalSection
	GlobalSection(SolutionProperties) = preSolution
		HideSolutionNode = FALSE
	EndGlobalSection
	GlobalSection(ExtensibilityGlobals) = postSolution
		SolutionGuid = {15131159-3263-4508-A11F-46E66E8A46CD}
	EndGlobalSection
EndGlobal
